# THIS IS AN AUTOGENERATED FILE. DO NOT EDIT THIS FILE DIRECTLY.
# yarn lockfile v1


"@brandless/tsutility@^0.1.11103":
  version "0.1.11103"
  resolved "https://registry.yarnpkg.com/@brandless/tsutility/-/tsutility-0.1.11103.tgz#55956e3517ea246c07c7ed99041bb2b965a337f3"
  integrity sha512-0sR9YgeRiaFrQ2qhXraGLrzYUF4kuVljq547sW0y04BywgSG8bW7UQe5xopzCQUxoTAFcqqsyD+uqUY5GWETIQ==

"@types/node@^15.12.4":
  version "15.12.4"
  resolved "https://registry.yarnpkg.com/@types/node/-/node-15.12.4.tgz#e1cf817d70a1e118e81922c4ff6683ce9d422e26"
  integrity sha512-zrNj1+yqYF4WskCMOHwN+w9iuD12+dGm0rQ35HLl9/Ouuq52cEtd0CH9qMgrdNmi5ejC1/V7vKEXYubB+65DkA==

tslib@^2.3.0:
  version "2.3.0"
  resolved "https://registry.yarnpkg.com/tslib/-/tslib-2.3.0.tgz#803b8cdab3e12ba581a4ca41c8839bbb0dacb09e"
  integrity sha512-N82ooyxVNm6h1riLCoyS9e3fuJ3AMG2zIZs2Gd1ATcSFjSA23Q0fzjjZeh0jbJvWVDZ0cJT8yaNNaaXHzueNjg==
